
Microsoft Visual Studio Solution File, Format Version 12.00
# Visual Studio Version 17
VisualStudioVersion = 17.5.33516.290
MinimumVisualStudioVersion = 10.0.40219.1
Project("{FAE04EC0-301F-11D3-BF4B-00C04F79EFBC}") = "LiveDemo", "LiveDemo\LiveDemo.csproj", "{9B654B89-05CA-4D8D-AB2B-7830E52E4E48}"
EndProject
Global
	GlobalSection(SolutionConfigurationPlatforms) = preSolution
		Debug|Any CPU = Debug|Any CPU
		Release|Any CPU = Release|Any CPU
	EndGlobalSection
	GlobalSection(ProjectConfigurationPlatforms) = postSolution
		{9B654B89-05CA-4D8D-AB2B-7830E52E4E48}.Debug|Any CPU.ActiveCfg = Debug|Any CPU
		{9B654B89-05CA-4D8D-AB2B-7830E52E4E48}.Debug|Any CPU.Build.0 = Debug|Any CPU
		{9B654B89-05CA-4D8D-AB2B-7830E52E4E48}.Release|Any CPU.ActiveCfg = Release|Any CPU
		{9B654B89-05CA-4D8D-AB2B-7830E52E4E48}.Release|Any CPU.Build.0 = Release|Any CPU
	EndGlobalSection
	GlobalSection(SolutionProperties) = preSolution
		HideSolutionNode = FALSE
	EndGlobalSection
	GlobalSection(ExtensibilityGlobals) = postSolution
		SolutionGuid = {E038F9C6-FD0C-47FB-BD0D-F2DE8ADFE899}
	EndGlobalSection
EndGlobal
